// !$*UTF8*$!
{
	archiveVersion = 1;
	classes = {
	};
	objectVersion = 77;
	objects = {

/* Begin PBXContainerItemProxy section */
		66D07B582F504ED400ABF2CA /* PBXContainerItemProxy */ = {
			isa = PBXContainerItemProxy;
			containerPortal = 66D07B3C2F504ED200ABF2CA /* Project object */;
			proxyType = 1;
			remoteGlobalIDString = 66D07B432F504ED200ABF2CA;
			remoteInfo = Porter;
		};
		66D07B622F504ED400ABF2CA /* PBXContainerItemProxy */ = {
			isa = PBXContainerItemProxy;
			containerPortal = 66D07B3C2F504ED200ABF2CA /* Project object */;
			proxyType = 1;
			remoteGlobalIDString = 66D07B432F504ED200ABF2CA;
			remoteInfo = Porter;
		};
/* End PBXContainerItemProxy section */

/* Begin PBXFileReference section */
		66D07B442F504ED200ABF2CA /* Porter.app */ = {isa = PBXFileReference; explicitFileType = wrapper.application; includeInIndex = 0; path = Porter.app; sourceTree = BUILT_PRODUCTS_DIR; };
		66D07B572F504ED400ABF2CA /* PorterTests.xctest */ = {isa = PBXFileReference; explicitFileType = wrapper.cfbundle; includeInIndex = 0; path = PorterTests.xctest; sourceTree = BUILT_PRODUCTS_DIR; };
		66D07B612F504ED400ABF2CA /* PorterUITests.xctest */ = {isa = PBXFileReference; explicitFileType = wrapper.cfbundle; includeInIndex = 0; path = PorterUITests.xctest; sourceTree = BUILT_PRODUCTS_DIR; };
/* End PBXFileReference section */

/* Begin PBXFileSystemSynchronizedRootGroup section */
		66D07B462F504ED200ABF2CA /* Porter */ = {
			isa = PBXFileSystemSynchronizedRootGroup;
			path = Porter;
			sourceTree = "<group>";
		};
		66D07B5A2F504ED400ABF2CA /* PorterTests */ = {
			isa = PBXFileSystemSynchronizedRootGroup;
			path = PorterTests;
			sourceTree = "<group>";
		};
		66D07B642F504ED400ABF2CA /* PorterUITests */ = {
			isa = PBXFileSystemSynchronizedRootGroup;
			path = PorterUITests;
			sourceTree = "<group>";
		};
/* End PBXFileSystemSynchronizedRootGroup section */

/* Begin PBXFrameworksBuildPhase section */
		66D07B412F504ED200ABF2CA /* Frameworks */ = {
			isa = PBXFrameworksBuildPhase;
			buildActionMask = 2147483647;
			files = (
			);
			runOnlyForDeploymentPostprocessing = 0;
		};
		66D07B542F504ED400ABF2CA /* Frameworks */ = {
			isa = PBXFrameworksBuildPhase;
			buildActionMask = 2147483647;
			files = (
			);
			runOnlyForDeploymentPostprocessing = 0;
		};
		66D07B5E2F504ED400ABF2CA /* Frameworks */ = {
			isa = PBXFrameworksBuildPhase;
			buildActionMask = 2147483647;
			files = (
			);
			runOnlyForDeploymentPostprocessing = 0;
		};
/* End PBXFrameworksBuildPhase section */

/* Begin PBXGroup section */
		66D07B3B2F504ED200ABF2CA = {
			isa = PBXGroup;
			children = (
				66D07B462F504ED200ABF2CA /* Porter */,
				66D07B5A2F504ED400ABF2CA /* PorterTests */,
				66D07B642F504ED400ABF2CA /* PorterUITests */,
				66D07B452F504ED200ABF2CA /* Products */,
			);
			sourceTree = "<group>";
		};
		66D07B452F504ED200ABF2CA /* Products */ = {
			isa = PBXGroup;
			children = (
				66D07B442F504ED200ABF2CA /* Porter.app */,
				66D07B572F504ED400ABF2CA /* PorterTests.xctest */,
				66D07B612F504ED400ABF2CA /* PorterUITests.xctest */,
			);
			name = Products;
			sourceTree = "<group>";
		};
/* End PBXGroup section */

/* Begin PBXNativeTarget section */
		66D07B432F504ED200ABF2CA /* Porter */ = {
			isa = PBXNativeTarget;
			buildConfigurationList = 66D07B6B2F504ED400ABF2CA /* Build configuration list for PBXNativeTarget "Porter" */;
			buildPhases = (
		66D07B402F504ED200ABF2CA /* Sources */,
			66D07B412F504ED200ABF2CA /* Frameworks */,
			66D07B422F504ED200ABF2CA /* Resources */,
			AA000001AA000001AA000001 /* Fix App Icon */,
		);
		buildRules = (
		);
		dependencies = (
		);
		fileSystemSynchronizedGroups = (
			66D07B462F504ED200ABF2CA /* Porter */,
		);
			name = Porter;
			packageProductDependencies = (
			);
			productName = Porter;
			productReference = 66D07B442F504ED200ABF2CA /* Porter.app */;
			productType = "com.apple.product-type.application";
		};
		66D07B562F504ED400ABF2CA /* PorterTests */ = {
			isa = PBXNativeTarget;
			buildConfigurationList = 66D07B6E2F504ED400ABF2CA /* Build configuration list for PBXNativeTarget "PorterTests" */;
			buildPhases = (
				66D07B532F504ED400ABF2CA /* Sources */,
				66D07B542F504ED400ABF2CA /* Frameworks */,
				66D07B552F504ED400ABF2CA /* Resources */,
			);
			buildRules = (
			);
			dependencies = (
				66D07B592F504ED400ABF2CA /* PBXTargetDependency */,
			);
			fileSystemSynchronizedGroups = (
				66D07B5A2F504ED400ABF2CA /* PorterTests */,
			);
			name = PorterTests;
			packageProductDependencies = (
			);
			productName = PorterTests;
			productReference = 66D07B572F504ED400ABF2CA /* PorterTests.xctest */;
			productType = "com.apple.product-type.bundle.unit-test";
		};
		66D07B602F504ED400ABF2CA /* PorterUITests */ = {
			isa = PBXNativeTarget;
			buildConfigurationList = 66D07B712F504ED400ABF2CA /* Build configuration list for PBXNativeTarget "PorterUITests" */;
			buildPhases = (
				66D07B5D2F504ED400ABF2CA /* Sources */,
				66D07B5E2F504ED400ABF2CA /* Frameworks */,
				66D07B5F2F504ED400ABF2CA /* Resources */,
			);
			buildRules = (
			);
			dependencies = (
				66D07B632F504ED400ABF2CA /* PBXTargetDependency */,
			);
			fileSystemSynchronizedGroups = (
				66D07B642F504ED400ABF2CA /* PorterUITests */,
			);
			name = PorterUITests;
			packageProductDependencies = (
			);
			productName = PorterUITests;
			productReference = 66D07B612F504ED400ABF2CA /* PorterUITests.xctest */;
			productType = "com.apple.product-type.bundle.ui-testing";
		};
/* End PBXNativeTarget section */

/* Begin PBXProject section */
		66D07B3C2F504ED200ABF2CA /* Project object */ = {
			isa = PBXProject;
			attributes = {
				BuildIndependentTargetsInParallel = 1;
				LastSwiftUpdateCheck = 1640;
				LastUpgradeCheck = 1640;
				TargetAttributes = {
					66D07B432F504ED200ABF2CA = {
						CreatedOnToolsVersion = 16.4;
					};
					66D07B562F504ED400ABF2CA = {
						CreatedOnToolsVersion = 16.4;
						TestTargetID = 66D07B432F504ED200ABF2CA;
					};
					66D07B602F504ED400ABF2CA = {
						CreatedOnToolsVersion = 16.4;
						TestTargetID = 66D07B432F504ED200ABF2CA;
					};
				};
			};
			buildConfigurationList = 66D07B3F2F504ED200ABF2CA /* Build configuration list for PBXProject "Porter" */;
			developmentRegion = en;
			hasScannedForEncodings = 0;
			knownRegions = (
				en,
				Base,
			);
			mainGroup = 66D07B3B2F504ED200ABF2CA;
			minimizedProjectReferenceProxies = 1;
			preferredProjectObjectVersion = 77;
			productRefGroup = 66D07B452F504ED200ABF2CA /* Products */;
			projectDirPath = "";
			projectRoot = "";
			targets = (
				66D07B432F504ED200ABF2CA /* Porter */,
				66D07B562F504ED400ABF2CA /* PorterTests */,
				66D07B602F504ED400ABF2CA /* PorterUITests */,
			);
		};
/* End PBXProject section */

/* Begin PBXResourcesBuildPhase section */
		66D07B422F504ED200ABF2CA /* Resources */ = {
			isa = PBXResourcesBuildPhase;
			buildActionMask = 2147483647;
			files = (
			);
			runOnlyForDeploymentPostprocessing = 0;
		};
		66D07B552F504ED400ABF2CA /* Resources */ = {
			isa = PBXResourcesBuildPhase;
			buildActionMask = 2147483647;
			files = (
			);
			runOnlyForDeploymentPostprocessing = 0;
		};
		66D07B5F2F504ED400ABF2CA /* Resources */ = {
			isa = PBXResourcesBuildPhase;
			buildActionMask = 2147483647;
			files = (
			);
			runOnlyForDeploymentPostprocessing = 0;
		};
/* End PBXResourcesBuildPhase section */

/* Begin PBXShellScriptBuildPhase section */
		AA000001AA000001AA000001 /* Fix App Icon */ = {
			isa = PBXShellScriptBuildPhase;
			buildActionMask = 2147483647;
			files = (
			);
			inputFileListPaths = (
			);
			inputPaths = (
				"$(SRCROOT)/Porter/AppIconSource.icns",
			);
			name = "Fix App Icon";
			outputFileListPaths = (
			);
			outputPaths = (
				"$(TARGET_BUILD_DIR)/$(UNLOCALIZED_RESOURCES_FOLDER_PATH)/AppIcon.icns",
			);
			runOnlyForDeploymentPostprocessing = 0;
			shellPath = /bin/sh;
			shellScript = "cp \"${SRCROOT}/Porter/AppIconSource.icns\" \"${TARGET_BUILD_DIR}/${UNLOCALIZED_RESOURCES_FOLDER_PATH}/AppIcon.icns\"\n";
		};
/* End PBXShellScriptBuildPhase section */

/* Begin PBXSourcesBuildPhase section */
		66D07B402F504ED200ABF2CA /* Sources */ = {
			isa = PBXSourcesBuildPhase;
			buildActionMask = 2147483647;
			files = (
			);
			runOnlyForDeploymentPostprocessing = 0;
		};
		66D07B532F504ED400ABF2CA /* Sources */ = {
			isa = PBXSourcesBuildPhase;
			buildActionMask = 2147483647;
			files = (
			);
			runOnlyForDeploymentPostprocessing = 0;
		};
		66D07B5D2F504ED400ABF2CA /* Sources */ = {
			isa = PBXSourcesBuildPhase;
			buildActionMask = 2147483647;
			files = (
			);
			runOnlyForDeploymentPostprocessing = 0;
		};
/* End PBXSourcesBuildPhase section */

/* Begin PBXTargetDependency section */
		66D07B592F504ED400ABF2CA /* PBXTargetDependency */ = {
			isa = PBXTargetDependency;
			target = 66D07B432F504ED200ABF2CA /* Porter */;
			targetProxy = 66D07B582F504ED400ABF2CA /* PBXContainerItemProxy */;
		};
		66D07B632F504ED400ABF2CA /* PBXTargetDependency */ = {
			isa = PBXTargetDependency;
			target = 66D07B432F504ED200ABF2CA /* Porter */;
			targetProxy = 66D07B622F504ED400ABF2CA /* PBXContainerItemProxy */;
		};
/* End PBXTargetDependency section */

/* Begin XCBuildConfiguration section */
		66D07B692F504ED400ABF2CA /* Debug */ = {
			isa = XCBuildConfiguration;
			buildSettings = {
				ALWAYS_SEARCH_USER_PATHS = NO;
				ASSETCATALOG_COMPILER_GENERATE_SWIFT_ASSET_SYMBOL_EXTENSIONS = YES;
				CLANG_ANALYZER_NONNULL = YES;
				CLANG_ANALYZER_NUMBER_OBJECT_CONVERSION = YES_AGGRESSIVE;
				CLANG_CXX_LANGUAGE_STANDARD = "gnu++20";
				CLANG_ENABLE_MODULES = YES;
				CLANG_ENABLE_OBJC_ARC = YES;
				CLANG_ENABLE_OBJC_WEAK = YES;
				CLANG_WARN_BLOCK_CAPTURE_AUTORELEASING = YES;
				CLANG_WARN_BOOL_CONVERSION = YES;
				CLANG_WARN_COMMA = YES;
				CLANG_WARN_CONSTANT_CONVERSION = YES;
				CLANG_WARN_DEPRECATED_OBJC_IMPLEMENTATIONS = YES;
				CLANG_WARN_DIRECT_OBJC_ISA_USAGE = YES_ERROR;
				CLANG_WARN_DOCUMENTATION_COMMENTS = YES;
				CLANG_WARN_EMPTY_BODY = YES;
				CLANG_WARN_ENUM_CONVERSION = YES;
				CLANG_WARN_INFINITE_RECURSION = YES;
				CLANG_WARN_INT_CONVERSION = YES;
				CLANG_WARN_NON_LITERAL_NULL_CONVERSION = YES;
				CLANG_WARN_OBJC_IMPLICIT_RETAIN_SELF = YES;
				CLANG_WARN_OBJC_LITERAL_CONVERSION = YES;
				CLANG_WARN_OBJC_ROOT_CLASS = YES_ERROR;
				CLANG_WARN_QUOTED_INCLUDE_IN_FRAMEWORK_HEADER = YES;
				CLANG_WARN_RANGE_LOOP_ANALYSIS = YES;
				CLANG_WARN_STRICT_PROTOTYPES = YES;
				CLANG_WARN_SUSPICIOUS_MOVE = YES;
				CLANG_WARN_UNGUARDED_AVAILABILITY = YES_AGGRESSIVE;
				CLANG_WARN_UNREACHABLE_CODE = YES;
				CLANG_WARN__DUPLICATE_METHOD_MATCH = YES;
				COPY_PHASE_STRIP = NO;
				DEBUG_INFORMATION_FORMAT = dwarf;
				DEVELOPMENT_TEAM = LU4CMSAS7X;
				ENABLE_STRICT_OBJC_MSGSEND = YES;
				ENABLE_TESTABILITY = YES;
				ENABLE_USER_SCRIPT_SANDBOXING = YES;
				GCC_C_LANGUAGE_STANDARD = gnu17;
				GCC_DYNAMIC_NO_PIC = NO;
				GCC_NO_COMMON_BLOCKS = YES;
				GCC_OPTIMIZATION_LEVEL = 0;
				GCC_PREPROCESSOR_DEFINITIONS = (
					"DEBUG=1",
					"$(inherited)",
				);
				GCC_WARN_64_TO_32_BIT_CONVERSION = YES;
				GCC_WARN_ABOUT_RETURN_TYPE = YES_ERROR;
				GCC_WARN_UNDECLARED_SELECTOR = YES;
				GCC_WARN_UNINITIALIZED_AUTOS = YES_AGGRESSIVE;
				GCC_WARN_UNUSED_FUNCTION = YES;
				GCC_WARN_UNUSED_VARIABLE = YES;
				LOCALIZATION_PREFERS_STRING_CATALOGS = YES;
				MACOSX_DEPLOYMENT_TARGET = 14.0;
				MTL_ENABLE_DEBUG_INFO = INCLUDE_SOURCE;
				MTL_FAST_MATH = YES;
				ONLY_ACTIVE_ARCH = YES;
				SDKROOT = macosx;
				SWIFT_ACTIVE_COMPILATION_CONDITIONS = "DEBUG $(inherited)";
				SWIFT_OPTIMIZATION_LEVEL = "-Onone";
			};
			name = Debug;
		};
		66D07B6A2F504ED400ABF2CA /* Release */ = {
			isa = XCBuildConfiguration;
			buildSettings = {
				ALWAYS_SEARCH_USER_PATHS = NO;
				ASSETCATALOG_COMPILER_GENERATE_SWIFT_ASSET_SYMBOL_EXTENSIONS = YES;
				CLANG_ANALYZER_NONNULL = YES;
				CLANG_ANALYZER_NUMBER_OBJECT_CONVERSION = YES_AGGRESSIVE;
				CLANG_CXX_LANGUAGE_STANDARD = "gnu++20";
				CLANG_ENABLE_MODULES = YES;
				CLANG_ENABLE_OBJC_ARC = YES;
				CLANG_ENABLE_OBJC_WEAK = YES;
				CLANG_WARN_BLOCK_CAPTURE_AUTORELEASING = YES;
				CLANG_WARN_BOOL_CONVERSION = YES;
				CLANG_WARN_COMMA = YES;
				CLANG_WARN_CONSTANT_CONVERSION = YES;
				CLANG_WARN_DEPRECATED_OBJC_IMPLEMENTATIONS = YES;
				CLANG_WARN_DIRECT_OBJC_ISA_USAGE = YES_ERROR;
				CLANG_WARN_DOCUMENTATION_COMMENTS = YES;
				CLANG_WARN_EMPTY_BODY = YES;
				CLANG_WARN_ENUM_CONVERSION = YES;
				CLANG_WARN_INFINITE_RECURSION = YES;
				CLANG_WARN_INT_CONVERSION = YES;
				CLANG_WARN_NON_LITERAL_NULL_CONVERSION = YES;
				CLANG_WARN_OBJC_IMPLICIT_RETAIN_SELF = YES;
				CLANG_WARN_OBJC_LITERAL_CONVERSION = YES;
				CLANG_WARN_OBJC_ROOT_CLASS = YES_ERROR;
				CLANG_WARN_QUOTED_INCLUDE_IN_FRAMEWORK_HEADER = YES;
				CLANG_WARN_RANGE_LOOP_ANALYSIS = YES;
				CLANG_WARN_STRICT_PROTOTYPES = YES;
				CLANG_WARN_SUSPICIOUS_MOVE = YES;
				CLANG_WARN_UNGUARDED_AVAILABILITY = YES_AGGRESSIVE;
				CLANG_WARN_UNREACHABLE_CODE = YES;
				CLANG_WARN__DUPLICATE_METHOD_MATCH = YES;
				COPY_PHASE_STRIP = NO;
				DEBUG_INFORMATION_FORMAT = "dwarf-with-dsym";
				DEVELOPMENT_TEAM = LU4CMSAS7X;
				ENABLE_NS_ASSERTIONS = NO;
				ENABLE_STRICT_OBJC_MSGSEND = YES;
				ENABLE_USER_SCRIPT_SANDBOXING = YES;
				GCC_C_LANGUAGE_STANDARD = gnu17;
				GCC_NO_COMMON_BLOCKS = YES;
				GCC_WARN_64_TO_32_BIT_CONVERSION = YES;
				GCC_WARN_ABOUT_RETURN_TYPE = YES_ERROR;
				GCC_WARN_UNDECLARED_SELECTOR = YES;
				GCC_WARN_UNINITIALIZED_AUTOS = YES_AGGRESSIVE;
				GCC_WARN_UNUSED_FUNCTION = YES;
				GCC_WARN_UNUSED_VARIABLE = YES;
				LOCALIZATION_PREFERS_STRING_CATALOGS = YES;
				MACOSX_DEPLOYMENT_TARGET = 14.0;
				MTL_ENABLE_DEBUG_INFO = NO;
				MTL_FAST_MATH = YES;
				SDKROOT = macosx;
				SWIFT_COMPILATION_MODE = wholemodule;
			};
			name = Release;
		};
		66D07B6C2F504ED400ABF2CA /* Debug */ = {
			isa = XCBuildConfiguration;
			buildSettings = {
				ASSETCATALOG_COMPILER_APPICON_NAME = AppIcon;
				ASSETCATALOG_COMPILER_GLOBAL_ACCENT_COLOR_NAME = AccentColor;
				CODE_SIGN_ENTITLEMENTS = Porter/Porter.entitlements;
				CODE_SIGN_STYLE = Automatic;
				COMBINE_HIDPI_IMAGES = YES;
				CURRENT_PROJECT_VERSION = 5;
				DEVELOPMENT_TEAM = LU4CMSAS7X;
				ENABLE_HARDENED_RUNTIME = YES;
				ENABLE_PREVIEWS = YES;
				GENERATE_INFOPLIST_FILE = YES;
				INFOPLIST_KEY_CFBundleDisplayName = "Port Menu";
				INFOPLIST_KEY_LSApplicationCategoryType = "public.app-category.developer-tools";
				INFOPLIST_KEY_LSUIElement = YES;
				INFOPLIST_KEY_NSHumanReadableCopyright = "";
				LD_RUNPATH_SEARCH_PATHS = (
					"$(inherited)",
					"@executable_path/../Frameworks",
				);
				MARKETING_VERSION = 1.7.4;
				PRODUCT_BUNDLE_IDENTIFIER = eduard.Porter;
				PRODUCT_NAME = "Port Menu";
				REGISTER_APP_GROUPS = YES;
				SWIFT_EMIT_LOC_STRINGS = YES;
				SWIFT_VERSION = 6.0;
			};
			name = Debug;
		};
		66D07B6D2F504ED400ABF2CA /* Release */ = {
			isa = XCBuildConfiguration;
			buildSettings = {
				ASSETCATALOG_COMPILER_APPICON_NAME = AppIcon;
				ASSETCATALOG_COMPILER_GLOBAL_ACCENT_COLOR_NAME = AccentColor;
				CODE_SIGN_ENTITLEMENTS = Porter/Porter.entitlements;
				CODE_SIGN_STYLE = Automatic;
				COMBINE_HIDPI_IMAGES = YES;
				CURRENT_PROJECT_VERSION = 5;
				DEVELOPMENT_TEAM = LU4CMSAS7X;
				ENABLE_HARDENED_RUNTIME = YES;
				ENABLE_PREVIEWS = YES;
				GENERATE_INFOPLIST_FILE = YES;
				INFOPLIST_KEY_CFBundleDisplayName = "Port Menu";
				INFOPLIST_KEY_LSApplicationCategoryType = "public.app-category.developer-tools";
				INFOPLIST_KEY_LSUIElement = YES;
				INFOPLIST_KEY_NSHumanReadableCopyright = "";
				LD_RUNPATH_SEARCH_PATHS = (
					"$(inherited)",
					"@executable_path/../Frameworks",
				);
				MARKETING_VERSION = 1.7.4;
				PRODUCT_BUNDLE_IDENTIFIER = eduard.Porter;
				PRODUCT_NAME = "Port Menu";
				REGISTER_APP_GROUPS = YES;
				SWIFT_EMIT_LOC_STRINGS = YES;
				SWIFT_VERSION = 6.0;
			};
			name = Release;
		};
		66D07B6F2F504ED400ABF2CA /* Debug */ = {
			isa = XCBuildConfiguration;
			buildSettings = {
				BUNDLE_LOADER = "$(TEST_HOST)";
				CODE_SIGN_STYLE = Automatic;
				CURRENT_PROJECT_VERSION = 5;
				DEVELOPMENT_TEAM = LU4CMSAS7X;
				GENERATE_INFOPLIST_FILE = YES;
				MACOSX_DEPLOYMENT_TARGET = 14.0;
				MARKETING_VERSION = 1.7.4;
				PRODUCT_BUNDLE_IDENTIFIER = eduard.PorterTests;
				PRODUCT_NAME = PorterTests;
				SWIFT_EMIT_LOC_STRINGS = NO;
				SWIFT_VERSION = 6.0;
				TEST_HOST = "$(BUILT_PRODUCTS_DIR)/Port Menu.app/$(BUNDLE_EXECUTABLE_FOLDER_PATH)/Port Menu";
			};
			name = Debug;
		};
		66D07B702F504ED400ABF2CA /* Release */ = {
			isa = XCBuildConfiguration;
			buildSettings = {
				BUNDLE_LOADER = "$(TEST_HOST)";
				CODE_SIGN_STYLE = Automatic;
				CURRENT_PROJECT_VERSION = 5;
				DEVELOPMENT_TEAM = LU4CMSAS7X;
				GENERATE_INFOPLIST_FILE = YES;
				MACOSX_DEPLOYMENT_TARGET = 14.0;
				MARKETING_VERSION = 1.7.4;
				PRODUCT_BUNDLE_IDENTIFIER = eduard.PorterTests;
				PRODUCT_NAME = PorterTests;
				SWIFT_EMIT_LOC_STRINGS = NO;
				SWIFT_VERSION = 6.0;
				TEST_HOST = "$(BUILT_PRODUCTS_DIR)/Port Menu.app/$(BUNDLE_EXECUTABLE_FOLDER_PATH)/Port Menu";
			};
			name = Release;
		};
		66D07B722F504ED400ABF2CA /* Debug */ = {
			isa = XCBuildConfiguration;
			buildSettings = {
				CODE_SIGN_STYLE = Automatic;
				CURRENT_PROJECT_VERSION = 5;
				DEVELOPMENT_TEAM = LU4CMSAS7X;
				GENERATE_INFOPLIST_FILE = YES;
				MARKETING_VERSION = 1.7.4;
				PRODUCT_BUNDLE_IDENTIFIER = eduard.PorterUITests;
				PRODUCT_NAME = PorterUITests;
				SWIFT_EMIT_LOC_STRINGS = NO;
				SWIFT_VERSION = 6.0;
				TEST_TARGET_NAME = Porter;
			};
			name = Debug;
		};
		66D07B732F504ED400ABF2CA /* Release */ = {
			isa = XCBuildConfiguration;
			buildSettings = {
				CODE_SIGN_STYLE = Automatic;
				CURRENT_PROJECT_VERSION = 5;
				DEVELOPMENT_TEAM = LU4CMSAS7X;
				GENERATE_INFOPLIST_FILE = YES;
				MARKETING_VERSION = 1.7.4;
				PRODUCT_BUNDLE_IDENTIFIER = eduard.PorterUITests;
				PRODUCT_NAME = PorterUITests;
				SWIFT_EMIT_LOC_STRINGS = NO;
				SWIFT_VERSION = 6.0;
				TEST_TARGET_NAME = Porter;
			};
			name = Release;
		};
/* End XCBuildConfiguration section */

/* Begin XCConfigurationList section */
		66D07B3F2F504ED200ABF2CA /* Build configuration list for PBXProject "Porter" */ = {
			isa = XCConfigurationList;
			buildConfigurations = (
				66D07B692F504ED400ABF2CA /* Debug */,
				66D07B6A2F504ED400ABF2CA /* Release */,
			);
			defaultConfigurationIsVisible = 0;
			defaultConfigurationName = Release;
		};
		66D07B6B2F504ED400ABF2CA /* Build configuration list for PBXNativeTarget "Porter" */ = {
			isa = XCConfigurationList;
			buildConfigurations = (
				66D07B6C2F504ED400ABF2CA /* Debug */,
				66D07B6D2F504ED400ABF2CA /* Release */,
			);
			defaultConfigurationIsVisible = 0;
			defaultConfigurationName = Release;
		};
		66D07B6E2F504ED400ABF2CA /* Build configuration list for PBXNativeTarget "PorterTests" */ = {
			isa = XCConfigurationList;
			buildConfigurations = (
				66D07B6F2F504ED400ABF2CA /* Debug */,
				66D07B702F504ED400ABF2CA /* Release */,
			);
			defaultConfigurationIsVisible = 0;
			defaultConfigurationName = Release;
		};
		66D07B712F504ED400ABF2CA /* Build configuration list for PBXNativeTarget "PorterUITests" */ = {
			isa = XCConfigurationList;
			buildConfigurations = (
				66D07B722F504ED400ABF2CA /* Debug */,
				66D07B732F504ED400ABF2CA /* Release */,
			);
			defaultConfigurationIsVisible = 0;
			defaultConfigurationName = Release;
		};
/* End XCConfigurationList section */
	};
	rootObject = 66D07B3C2F504ED200ABF2CA /* Project object */;
}
